
Microsoft Visual Studio Solution File, Format Version 12.00
# Visual Studio 15
VisualStudioVersion = 15.0.26730.16
MinimumVisualStudioVersion = 10.0.40219.1
Project("{F2A71F9B-5D33-465A-A702-920D77279786}") = "Fsharp", "Fsharp\Fsharp.fsproj", "{18917108-7B64-436A-AE94-2AAAC9BE5C32}"
EndProject
Project("{FAE04EC0-301F-11D3-BF4B-00C04F79EFBC}") = "Csharp", "Csharp\Csharp.csproj", "{C04E0159-0F64-4A49-88B5-74D30C4C1D03}"
EndProject
Project("{2150E333-8FDC-42A3-9474-1A3956D46DE8}") = "docs", "docs", "{A774D852-3C81-4CDE-BAD1-5E7E41C1279F}"
	ProjectSection(SolutionItems) = preProject
		..\README.md = ..\README.md
	EndProjectSection
EndProject
Global
	GlobalSection(SolutionConfigurationPlatforms) = preSolution
		Debug|Any CPU = Debug|Any CPU
		Release|Any CPU = Release|Any CPU
	EndGlobalSection
	GlobalSection(ProjectConfigurationPlatforms) = postSolution
		{18917108-7B64-436A-AE94-2AAAC9BE5C32}.Debug|Any CPU.ActiveCfg = Debug|Any CPU
		{18917108-7B64-436A-AE94-2AAAC9BE5C32}.Debug|Any CPU.Build.0 = Debug|Any CPU
		{18917108-7B64-436A-AE94-2AAAC9BE5C32}.Release|Any CPU.ActiveCfg = Release|Any CPU
		{18917108-7B64-436A-AE94-2AAAC9BE5C32}.Release|Any CPU.Build.0 = Release|Any CPU
		{C04E0159-0F64-4A49-88B5-74D30C4C1D03}.Debug|Any CPU.ActiveCfg = Debug|Any CPU
		{C04E0159-0F64-4A49-88B5-74D30C4C1D03}.Debug|Any CPU.Build.0 = Debug|Any CPU
		{C04E0159-0F64-4A49-88B5-74D30C4C1D03}.Release|Any CPU.ActiveCfg = Release|Any CPU
		{C04E0159-0F64-4A49-88B5-74D30C4C1D03}.Release|Any CPU.Build.0 = Release|Any CPU
	EndGlobalSection
	GlobalSection(SolutionProperties) = preSolution
		HideSolutionNode = FALSE
	EndGlobalSection
	GlobalSection(ExtensibilityGlobals) = postSolution
		SolutionGuid = {1E25C524-FD28-42E4-9362-879B1F2BAF89}
	EndGlobalSection
EndGlobal
